// !$*UTF8*$!
{
	archiveVersion = 1;
	classes = {
	};
	objectVersion = 77;
	objects = {

/* Begin PBXContainerItemProxy section */
		8C8CF3FE2F0B0A6000D56A82 /* PBXContainerItemProxy */ = {
			isa = PBXContainerItemProxy;
			containerPortal = 8C8CF3E82F0B0A5E00D56A82 /* Project object */;
			proxyType = 1;
			remoteGlobalIDString = 8C8CF3EF2F0B0A5E00D56A82;
			remoteInfo = KeyCatch;
		};
		8C8CF4082F0B0A6000D56A82 /* PBXContainerItemProxy */ = {
			isa = PBXContainerItemProxy;
			containerPortal = 8C8CF3E82F0B0A5E00D56A82 /* Project object */;
			proxyType = 1;
			remoteGlobalIDString = 8C8CF3EF2F0B0A5E00D56A82;
			remoteInfo = KeyCatch;
		};
/* End PBXContainerItemProxy section */

/* Begin PBXFileReference section */
		8C8CF3F02F0B0A5E00D56A82 /* KeyCatch.app */ = {isa = PBXFileReference; explicitFileType = wrapper.application; includeInIndex = 0; path = KeyCatch.app; sourceTree = BUILT_PRODUCTS_DIR; };
		8C8CF3FD2F0B0A6000D56A82 /* KeyCatchTests.xctest */ = {isa = PBXFileReference; explicitFileType = wrapper.cfbundle; includeInIndex = 0; path = KeyCatchTests.xctest; sourceTree = BUILT_PRODUCTS_DIR; };
		8C8CF4072F0B0A6000D56A82 /* KeyCatchUITests.xctest */ = {isa = PBXFileReference; explicitFileType = wrapper.cfbundle; includeInIndex = 0; path = KeyCatchUITests.xctest; sourceTree = BUILT_PRODUCTS_DIR; };
		8CF486DF2F0D8E7900505DD2 /* README.md */ = {isa = PBXFileReference; lastKnownFileType = net.daringfireball.markdown; path = README.md; sourceTree = "<group>"; };
/* End PBXFileReference section */

/* Begin PBXFileSystemSynchronizedRootGroup section */
		8C8CF3F22F0B0A5E00D56A82 /* KeyCatch */ = {
			isa = PBXFileSystemSynchronizedRootGroup;
			path = KeyCatch;
			sourceTree = "<group>";
		};
		8C8CF4002F0B0A6000D56A82 /* KeyCatchTests */ = {
			isa = PBXFileSystemSynchronizedRootGroup;
			path = KeyCatchTests;
			sourceTree = "<group>";
		};
		8C8CF40A2F0B0A6000D56A82 /* KeyCatchUITests */ = {
			isa = PBXFileSystemSynchronizedRootGroup;
			path = KeyCatchUITests;
			sourceTree = "<group>";
		};
/* End PBXFileSystemSynchronizedRootGroup section */

/* Begin PBXFrameworksBuildPhase section */
		8C8CF3ED2F0B0A5E00D56A82 /* Frameworks */ = {
			isa = PBXFrameworksBuildPhase;
			buildActionMask = 2147483647;
			files = (
			);
			runOnlyForDeploymentPostprocessing = 0;
		};
		8C8CF3FA2F0B0A6000D56A82 /* Frameworks */ = {
			isa = PBXFrameworksBuildPhase;
			buildActionMask = 2147483647;
			files = (
			);
			runOnlyForDeploymentPostprocessing = 0;
		};
		8C8CF4042F0B0A6000D56A82 /* Frameworks */ = {
			isa = PBXFrameworksBuildPhase;
			buildActionMask = 2147483647;
			files = (
			);
			runOnlyForDeploymentPostprocessing = 0;
		};
/* End PBXFrameworksBuildPhase section */

/* Begin PBXGroup section */
		8C8CF3E72F0B0A5E00D56A82 = {
			isa = PBXGroup;
			children = (
				8CF486DF2F0D8E7900505DD2 /* README.md */,
				8C8CF3F22F0B0A5E00D56A82 /* KeyCatch */,
				8C8CF4002F0B0A6000D56A82 /* KeyCatchTests */,
				8C8CF40A2F0B0A6000D56A82 /* KeyCatchUITests */,
				8C8CF3F12F0B0A5E00D56A82 /* Products */,
			);
			sourceTree = "<group>";
		};
		8C8CF3F12F0B0A5E00D56A82 /* Products */ = {
			isa = PBXGroup;
			children = (
				8C8CF3F02F0B0A5E00D56A82 /* KeyCatch.app */,
				8C8CF3FD2F0B0A6000D56A82 /* KeyCatchTests.xctest */,
				8C8CF4072F0B0A6000D56A82 /* KeyCatchUITests.xctest */,
			);
			name = Products;
			sourceTree = "<group>";
		};
/* End PBXGroup section */

/* Begin PBXNativeTarget section */
		8C8CF3EF2F0B0A5E00D56A82 /* KeyCatch */ = {
			isa = PBXNativeTarget;
			buildConfigurationList = 8C8CF4112F0B0A6000D56A82 /* Build configuration list for PBXNativeTarget "KeyCatch" */;
			buildPhases = (
				8C8CF3EC2F0B0A5E00D56A82 /* Sources */,
				8C8CF3ED2F0B0A5E00D56A82 /* Frameworks */,
				8C8CF3EE2F0B0A5E00D56A82 /* Resources */,
			);
			buildRules = (
			);
			dependencies = (
			);
			fileSystemSynchronizedGroups = (
				8C8CF3F22F0B0A5E00D56A82 /* KeyCatch */,
			);
			name = KeyCatch;
			packageProductDependencies = (
			);
			productName = KeyCatch;
			productReference = 8C8CF3F02F0B0A5E00D56A82 /* KeyCatch.app */;
			productType = "com.apple.product-type.application";
		};
		8C8CF3FC2F0B0A6000D56A82 /* KeyCatchTests */ = {
			isa = PBXNativeTarget;
			buildConfigurationList = 8C8CF4142F0B0A6000D56A82 /* Build configuration list for PBXNativeTarget "KeyCatchTests" */;
			buildPhases = (
				8C8CF3F92F0B0A6000D56A82 /* Sources */,
				8C8CF3FA2F0B0A6000D56A82 /* Frameworks */,
				8C8CF3FB2F0B0A6000D56A82 /* Resources */,
			);
			buildRules = (
			);
			dependencies = (
				8C8CF3FF2F0B0A6000D56A82 /* PBXTargetDependency */,
			);
			fileSystemSynchronizedGroups = (
				8C8CF4002F0B0A6000D56A82 /* KeyCatchTests */,
			);
			name = KeyCatchTests;
			packageProductDependencies = (
			);
			productName = KeyCatchTests;
			productReference = 8C8CF3FD2F0B0A6000D56A82 /* KeyCatchTests.xctest */;
			productType = "com.apple.product-type.bundle.unit-test";
		};
		8C8CF4062F0B0A6000D56A82 /* KeyCatchUITests */ = {
			isa = PBXNativeTarget;
			buildConfigurationList = 8C8CF4172F0B0A6000D56A82 /* Build configuration list for PBXNativeTarget "KeyCatchUITests" */;
			buildPhases = (
				8C8CF4032F0B0A6000D56A82 /* Sources */,
				8C8CF4042F0B0A6000D56A82 /* Frameworks */,
				8C8CF4052F0B0A6000D56A82 /* Resources */,
			);
			buildRules = (
			);
			dependencies = (
				8C8CF4092F0B0A6000D56A82 /* PBXTargetDependency */,
			);
			fileSystemSynchronizedGroups = (
				8C8CF40A2F0B0A6000D56A82 /* KeyCatchUITests */,
			);
			name = KeyCatchUITests;
			packageProductDependencies = (
			);
			productName = KeyCatchUITests;
			productReference = 8C8CF4072F0B0A6000D56A82 /* KeyCatchUITests.xctest */;
			productType = "com.apple.product-type.bundle.ui-testing";
		};
/* End PBXNativeTarget section */

/* Begin PBXProject section */
		8C8CF3E82F0B0A5E00D56A82 /* Project object */ = {
			isa = PBXProject;
			attributes = {
				BuildIndependentTargetsInParallel = 1;
				LastSwiftUpdateCheck = 2620;
				LastUpgradeCheck = 2620;
				TargetAttributes = {
					8C8CF3EF2F0B0A5E00D56A82 = {
						CreatedOnToolsVersion = 26.2;
					};
					8C8CF3FC2F0B0A6000D56A82 = {
						CreatedOnToolsVersion = 26.2;
						TestTargetID = 8C8CF3EF2F0B0A5E00D56A82;
					};
					8C8CF4062F0B0A6000D56A82 = {
						CreatedOnToolsVersion = 26.2;
						TestTargetID = 8C8CF3EF2F0B0A5E00D56A82;
					};
				};
			};
			buildConfigurationList = 8C8CF3EB2F0B0A5E00D56A82 /* Build configuration list for PBXProject "KeyCatch" */;
			developmentRegion = en;
			hasScannedForEncodings = 0;
			knownRegions = (
				en,
				Base,
			);
			mainGroup = 8C8CF3E72F0B0A5E00D56A82;
			minimizedProjectReferenceProxies = 1;
			preferredProjectObjectVersion = 77;
			productRefGroup = 8C8CF3F12F0B0A5E00D56A82 /* Products */;
			projectDirPath = "";
			projectRoot = "";
			targets = (
				8C8CF3EF2F0B0A5E00D56A82 /* KeyCatch */,
				8C8CF3FC2F0B0A6000D56A82 /* KeyCatchTests */,
				8C8CF4062F0B0A6000D56A82 /* KeyCatchUITests */,
			);
		};
/* End PBXProject section */

/* Begin PBXResourcesBuildPhase section */
		8C8CF3EE2F0B0A5E00D56A82 /* Resources */ = {
			isa = PBXResourcesBuildPhase;
			buildActionMask = 2147483647;
			files = (
			);
			runOnlyForDeploymentPostprocessing = 0;
		};
		8C8CF3FB2F0B0A6000D56A82 /* Resources */ = {
			isa = PBXResourcesBuildPhase;
			buildActionMask = 2147483647;
			files = (
			);
			runOnlyForDeploymentPostprocessing = 0;
		};
		8C8CF4052F0B0A6000D56A82 /* Resources */ = {
			isa = PBXResourcesBuildPhase;
			buildActionMask = 2147483647;
			files = (
			);
			runOnlyForDeploymentPostprocessing = 0;
		};
/* End PBXResourcesBuildPhase section */

/* Begin PBXSourcesBuildPhase section */
		8C8CF3EC2F0B0A5E00D56A82 /* Sources */ = {
			isa = PBXSourcesBuildPhase;
			buildActionMask = 2147483647;
			files = (
			);
			runOnlyForDeploymentPostprocessing = 0;
		};
		8C8CF3F92F0B0A6000D56A82 /* Sources */ = {
			isa = PBXSourcesBuildPhase;
			buildActionMask = 2147483647;
			files = (
			);
			runOnlyForDeploymentPostprocessing = 0;
		};
		8C8CF4032F0B0A6000D56A82 /* Sources */ = {
			isa = PBXSourcesBuildPhase;
			buildActionMask = 2147483647;
			files = (
			);
			runOnlyForDeploymentPostprocessing = 0;
		};
/* End PBXSourcesBuildPhase section */

/* Begin PBXTargetDependency section */
		8C8CF3FF2F0B0A6000D56A82 /* PBXTargetDependency */ = {
			isa = PBXTargetDependency;
			target = 8C8CF3EF2F0B0A5E00D56A82 /* KeyCatch */;
			targetProxy = 8C8CF3FE2F0B0A6000D56A82 /* PBXContainerItemProxy */;
		};
		8C8CF4092F0B0A6000D56A82 /* PBXTargetDependency */ = {
			isa = PBXTargetDependency;
			target = 8C8CF3EF2F0B0A5E00D56A82 /* KeyCatch */;
			targetProxy = 8C8CF4082F0B0A6000D56A82 /* PBXContainerItemProxy */;
		};
/* End PBXTargetDependency section */

/* Begin XCBuildConfiguration section */
		8C8CF40F2F0B0A6000D56A82 /* Debug */ = {
			isa = XCBuildConfiguration;
			buildSettings = {
				ALWAYS_SEARCH_USER_PATHS = NO;
				ASSETCATALOG_COMPILER_GENERATE_SWIFT_ASSET_SYMBOL_EXTENSIONS = YES;
				CLANG_ANALYZER_NONNULL = YES;
				CLANG_ANALYZER_NUMBER_OBJECT_CONVERSION = YES_AGGRESSIVE;
				CLANG_CXX_LANGUAGE_STANDARD = "gnu++20";
				CLANG_ENABLE_MODULES = YES;
				CLANG_ENABLE_OBJC_ARC = YES;
				CLANG_ENABLE_OBJC_WEAK = YES;
				CLANG_WARN_BLOCK_CAPTURE_AUTORELEASING = YES;
				CLANG_WARN_BOOL_CONVERSION = YES;
				CLANG_WARN_COMMA = YES;
				CLANG_WARN_CONSTANT_CONVERSION = YES;
				CLANG_WARN_DEPRECATED_OBJC_IMPLEMENTATIONS = YES;
				CLANG_WARN_DIRECT_OBJC_ISA_USAGE = YES_ERROR;
				CLANG_WARN_DOCUMENTATION_COMMENTS = YES;
				CLANG_WARN_EMPTY_BODY = YES;
				CLANG_WARN_ENUM_CONVERSION = YES;
				CLANG_WARN_INFINITE_RECURSION = YES;
				CLANG_WARN_INT_CONVERSION = YES;
				CLANG_WARN_NON_LITERAL_NULL_CONVERSION = YES;
				CLANG_WARN_OBJC_IMPLICIT_RETAIN_SELF = YES;
				CLANG_WARN_OBJC_LITERAL_CONVERSION = YES;
				CLANG_WARN_OBJC_ROOT_CLASS = YES_ERROR;
				CLANG_WARN_QUOTED_INCLUDE_IN_FRAMEWORK_HEADER = YES;
				CLANG_WARN_RANGE_LOOP_ANALYSIS = YES;
				CLANG_WARN_STRICT_PROTOTYPES = YES;
				CLANG_WARN_SUSPICIOUS_MOVE = YES;
				CLANG_WARN_UNGUARDED_AVAILABILITY = YES_AGGRESSIVE;
				CLANG_WARN_UNREACHABLE_CODE = YES;
				CLANG_WARN__DUPLICATE_METHOD_MATCH = YES;
				COPY_PHASE_STRIP = NO;
				DEBUG_INFORMATION_FORMAT = dwarf;
				DEVELOPMENT_TEAM = 949WGXSJTA;
				ENABLE_STRICT_OBJC_MSGSEND = YES;
				ENABLE_TESTABILITY = YES;
				ENABLE_USER_SCRIPT_SANDBOXING = YES;
				GCC_C_LANGUAGE_STANDARD = gnu17;
				GCC_DYNAMIC_NO_PIC = NO;
				GCC_NO_COMMON_BLOCKS = YES;
				GCC_OPTIMIZATION_LEVEL = 0;
				GCC_PREPROCESSOR_DEFINITIONS = (
					"DEBUG=1",
					"$(inherited)",
				);
				GCC_WARN_64_TO_32_BIT_CONVERSION = YES;
				GCC_WARN_ABOUT_RETURN_TYPE = YES_ERROR;
				GCC_WARN_UNDECLARED_SELECTOR = YES;
				GCC_WARN_UNINITIALIZED_AUTOS = YES_AGGRESSIVE;
				GCC_WARN_UNUSED_FUNCTION = YES;
				GCC_WARN_UNUSED_VARIABLE = YES;
				LOCALIZATION_PREFERS_STRING_CATALOGS = YES;
				MACOSX_DEPLOYMENT_TARGET = 26.1;
				MTL_ENABLE_DEBUG_INFO = INCLUDE_SOURCE;
				MTL_FAST_MATH = YES;
				ONLY_ACTIVE_ARCH = YES;
				SDKROOT = macosx;
				SWIFT_ACTIVE_COMPILATION_CONDITIONS = "DEBUG $(inherited)";
				SWIFT_OPTIMIZATION_LEVEL = "-Onone";
			};
			name = Debug;
		};
		8C8CF4102F0B0A6000D56A82 /* Release */ = {
			isa = XCBuildConfiguration;
			buildSettings = {
				ALWAYS_SEARCH_USER_PATHS = NO;
				ASSETCATALOG_COMPILER_GENERATE_SWIFT_ASSET_SYMBOL_EXTENSIONS = YES;
				CLANG_ANALYZER_NONNULL = YES;
				CLANG_ANALYZER_NUMBER_OBJECT_CONVERSION = YES_AGGRESSIVE;
				CLANG_CXX_LANGUAGE_STANDARD = "gnu++20";
				CLANG_ENABLE_MODULES = YES;
				CLANG_ENABLE_OBJC_ARC = YES;
				CLANG_ENABLE_OBJC_WEAK = YES;
				CLANG_WARN_BLOCK_CAPTURE_AUTORELEASING = YES;
				CLANG_WARN_BOOL_CONVERSION = YES;
				CLANG_WARN_COMMA = YES;
				CLANG_WARN_CONSTANT_CONVERSION = YES;
				CLANG_WARN_DEPRECATED_OBJC_IMPLEMENTATIONS = YES;
				CLANG_WARN_DIRECT_OBJC_ISA_USAGE = YES_ERROR;
				CLANG_WARN_DOCUMENTATION_COMMENTS = YES;
				CLANG_WARN_EMPTY_BODY = YES;
				CLANG_WARN_ENUM_CONVERSION = YES;
				CLANG_WARN_INFINITE_RECURSION = YES;
				CLANG_WARN_INT_CONVERSION = YES;
				CLANG_WARN_NON_LITERAL_NULL_CONVERSION = YES;
				CLANG_WARN_OBJC_IMPLICIT_RETAIN_SELF = YES;
				CLANG_WARN_OBJC_LITERAL_CONVERSION = YES;
				CLANG_WARN_OBJC_ROOT_CLASS = YES_ERROR;
				CLANG_WARN_QUOTED_INCLUDE_IN_FRAMEWORK_HEADER = YES;
				CLANG_WARN_RANGE_LOOP_ANALYSIS = YES;
				CLANG_WARN_STRICT_PROTOTYPES = YES;
				CLANG_WARN_SUSPICIOUS_MOVE = YES;
				CLANG_WARN_UNGUARDED_AVAILABILITY = YES_AGGRESSIVE;
				CLANG_WARN_UNREACHABLE_CODE = YES;
				CLANG_WARN__DUPLICATE_METHOD_MATCH = YES;
				COPY_PHASE_STRIP = NO;
				DEBUG_INFORMATION_FORMAT = "dwarf-with-dsym";
				DEVELOPMENT_TEAM = 949WGXSJTA;
				ENABLE_NS_ASSERTIONS = NO;
				ENABLE_STRICT_OBJC_MSGSEND = YES;
				ENABLE_USER_SCRIPT_SANDBOXING = YES;
				GCC_C_LANGUAGE_STANDARD = gnu17;
				GCC_NO_COMMON_BLOCKS = YES;
				GCC_WARN_64_TO_32_BIT_CONVERSION = YES;
				GCC_WARN_ABOUT_RETURN_TYPE = YES_ERROR;
				GCC_WARN_UNDECLARED_SELECTOR = YES;
				GCC_WARN_UNINITIALIZED_AUTOS = YES_AGGRESSIVE;
				GCC_WARN_UNUSED_FUNCTION = YES;
				GCC_WARN_UNUSED_VARIABLE = YES;
				LOCALIZATION_PREFERS_STRING_CATALOGS = YES;
				MACOSX_DEPLOYMENT_TARGET = 26.1;
				MTL_ENABLE_DEBUG_INFO = NO;
				MTL_FAST_MATH = YES;
				SDKROOT = macosx;
				SWIFT_COMPILATION_MODE = wholemodule;
			};
			name = Release;
		};
		8C8CF4122F0B0A6000D56A82 /* Debug */ = {
			isa = XCBuildConfiguration;
			buildSettings = {
				ASSETCATALOG_COMPILER_APPICON_NAME = AppIcon;
				ASSETCATALOG_COMPILER_GLOBAL_ACCENT_COLOR_NAME = AccentColor;
				CODE_SIGN_STYLE = Automatic;
				COMBINE_HIDPI_IMAGES = YES;
				CURRENT_PROJECT_VERSION = 1;
				DEVELOPMENT_TEAM = 949WGXSJTA;
				ENABLE_APP_SANDBOX = YES;
				ENABLE_HARDENED_RUNTIME = YES;
				ENABLE_PREVIEWS = YES;
				ENABLE_USER_SELECTED_FILES = readonly;
				GENERATE_INFOPLIST_FILE = YES;
				INFOPLIST_KEY_NSHumanReadableCopyright = "";
				LD_RUNPATH_SEARCH_PATHS = (
					"$(inherited)",
					"@executable_path/../Frameworks",
				);
				MARKETING_VERSION = 1.0;
				PRODUCT_BUNDLE_IDENTIFIER = com.pascale.beaulac.KeyCatch;
				PRODUCT_NAME = "$(TARGET_NAME)";
				REGISTER_APP_GROUPS = YES;
				STRING_CATALOG_GENERATE_SYMBOLS = YES;
				SWIFT_APPROACHABLE_CONCURRENCY = YES;
				SWIFT_DEFAULT_ACTOR_ISOLATION = MainActor;
				SWIFT_EMIT_LOC_STRINGS = YES;
				SWIFT_UPCOMING_FEATURE_MEMBER_IMPORT_VISIBILITY = YES;
				SWIFT_VERSION = 5.0;
			};
			name = Debug;
		};
		8C8CF4132F0B0A6000D56A82 /* Release */ = {
			isa = XCBuildConfiguration;
			buildSettings = {
				ASSETCATALOG_COMPILER_APPICON_NAME = AppIcon;
				ASSETCATALOG_COMPILER_GLOBAL_ACCENT_COLOR_NAME = AccentColor;
				CODE_SIGN_STYLE = Automatic;
				COMBINE_HIDPI_IMAGES = YES;
				CURRENT_PROJECT_VERSION = 1;
				DEVELOPMENT_TEAM = 949WGXSJTA;
				ENABLE_APP_SANDBOX = YES;
				ENABLE_HARDENED_RUNTIME = YES;
				ENABLE_PREVIEWS = YES;
				ENABLE_USER_SELECTED_FILES = readonly;
				GENERATE_INFOPLIST_FILE = YES;
				INFOPLIST_KEY_NSHumanReadableCopyright = "";
				LD_RUNPATH_SEARCH_PATHS = (
					"$(inherited)",
					"@executable_path/../Frameworks",
				);
				MARKETING_VERSION = 1.0;
				PRODUCT_BUNDLE_IDENTIFIER = com.pascale.beaulac.KeyCatch;
				PRODUCT_NAME = "$(TARGET_NAME)";
				REGISTER_APP_GROUPS = YES;
				STRING_CATALOG_GENERATE_SYMBOLS = YES;
				SWIFT_APPROACHABLE_CONCURRENCY = YES;
				SWIFT_DEFAULT_ACTOR_ISOLATION = MainActor;
				SWIFT_EMIT_LOC_STRINGS = YES;
				SWIFT_UPCOMING_FEATURE_MEMBER_IMPORT_VISIBILITY = YES;
				SWIFT_VERSION = 5.0;
			};
			name = Release;
		};
		8C8CF4152F0B0A6000D56A82 /* Debug */ = {
			isa = XCBuildConfiguration;
			buildSettings = {
				BUNDLE_LOADER = "$(TEST_HOST)";
				CODE_SIGN_STYLE = Automatic;
				CURRENT_PROJECT_VERSION = 1;
				DEVELOPMENT_TEAM = 949WGXSJTA;
				GENERATE_INFOPLIST_FILE = YES;
				MACOSX_DEPLOYMENT_TARGET = 26.1;
				MARKETING_VERSION = 1.0;
				PRODUCT_BUNDLE_IDENTIFIER = com.pascale.beaulac.KeyCatchTests;
				PRODUCT_NAME = "$(TARGET_NAME)";
				STRING_CATALOG_GENERATE_SYMBOLS = NO;
				SWIFT_APPROACHABLE_CONCURRENCY = YES;
				SWIFT_EMIT_LOC_STRINGS = NO;
				SWIFT_UPCOMING_FEATURE_MEMBER_IMPORT_VISIBILITY = YES;
				SWIFT_VERSION = 5.0;
				TEST_HOST = "$(BUILT_PRODUCTS_DIR)/KeyCatch.app/$(BUNDLE_EXECUTABLE_FOLDER_PATH)/KeyCatch";
			};
			name = Debug;
		};
		8C8CF4162F0B0A6000D56A82 /* Release */ = {
			isa = XCBuildConfiguration;
			buildSettings = {
				BUNDLE_LOADER = "$(TEST_HOST)";
				CODE_SIGN_STYLE = Automatic;
				CURRENT_PROJECT_VERSION = 1;
				DEVELOPMENT_TEAM = 949WGXSJTA;
				GENERATE_INFOPLIST_FILE = YES;
				MACOSX_DEPLOYMENT_TARGET = 26.1;
				MARKETING_VERSION = 1.0;
				PRODUCT_BUNDLE_IDENTIFIER = com.pascale.beaulac.KeyCatchTests;
				PRODUCT_NAME = "$(TARGET_NAME)";
				STRING_CATALOG_GENERATE_SYMBOLS = NO;
				SWIFT_APPROACHABLE_CONCURRENCY = YES;
				SWIFT_EMIT_LOC_STRINGS = NO;
				SWIFT_UPCOMING_FEATURE_MEMBER_IMPORT_VISIBILITY = YES;
				SWIFT_VERSION = 5.0;
				TEST_HOST = "$(BUILT_PRODUCTS_DIR)/KeyCatch.app/$(BUNDLE_EXECUTABLE_FOLDER_PATH)/KeyCatch";
			};
			name = Release;
		};
		8C8CF4182F0B0A6000D56A82 /* Debug */ = {
			isa = XCBuildConfiguration;
			buildSettings = {
				CODE_SIGN_STYLE = Automatic;
				CURRENT_PROJECT_VERSION = 1;
				DEVELOPMENT_TEAM = 949WGXSJTA;
				GENERATE_INFOPLIST_FILE = YES;
				MARKETING_VERSION = 1.0;
				PRODUCT_BUNDLE_IDENTIFIER = com.pascale.beaulac.KeyCatchUITests;
				PRODUCT_NAME = "$(TARGET_NAME)";
				STRING_CATALOG_GENERATE_SYMBOLS = NO;
				SWIFT_APPROACHABLE_CONCURRENCY = YES;
				SWIFT_EMIT_LOC_STRINGS = NO;
				SWIFT_UPCOMING_FEATURE_MEMBER_IMPORT_VISIBILITY = YES;
				SWIFT_VERSION = 5.0;
				TEST_TARGET_NAME = KeyCatch;
			};
			name = Debug;
		};
		8C8CF4192F0B0A6000D56A82 /* Release */ = {
			isa = XCBuildConfiguration;
			buildSettings = {
				CODE_SIGN_STYLE = Automatic;
				CURRENT_PROJECT_VERSION = 1;
				DEVELOPMENT_TEAM = 949WGXSJTA;
				GENERATE_INFOPLIST_FILE = YES;
				MARKETING_VERSION = 1.0;
				PRODUCT_BUNDLE_IDENTIFIER = com.pascale.beaulac.KeyCatchUITests;
				PRODUCT_NAME = "$(TARGET_NAME)";
				STRING_CATALOG_GENERATE_SYMBOLS = NO;
				SWIFT_APPROACHABLE_CONCURRENCY = YES;
				SWIFT_EMIT_LOC_STRINGS = NO;
				SWIFT_UPCOMING_FEATURE_MEMBER_IMPORT_VISIBILITY = YES;
				SWIFT_VERSION = 5.0;
				TEST_TARGET_NAME = KeyCatch;
			};
			name = Release;
		};
/* End XCBuildConfiguration section */

/* Begin XCConfigurationList section */
		8C8CF3EB2F0B0A5E00D56A82 /* Build configuration list for PBXProject "KeyCatch" */ = {
			isa = XCConfigurationList;
			buildConfigurations = (
				8C8CF40F2F0B0A6000D56A82 /* Debug */,
				8C8CF4102F0B0A6000D56A82 /* Release */,
			);
			defaultConfigurationIsVisible = 0;
			defaultConfigurationName = Release;
		};
		8C8CF4112F0B0A6000D56A82 /* Build configuration list for PBXNativeTarget "KeyCatch" */ = {
			isa = XCConfigurationList;
			buildConfigurations = (
				8C8CF4122F0B0A6000D56A82 /* Debug */,
				8C8CF4132F0B0A6000D56A82 /* Release */,
			);
			defaultConfigurationIsVisible = 0;
			defaultConfigurationName = Release;
		};
		8C8CF4142F0B0A6000D56A82 /* Build configuration list for PBXNativeTarget "KeyCatchTests" */ = {
			isa = XCConfigurationList;
			buildConfigurations = (
				8C8CF4152F0B0A6000D56A82 /* Debug */,
				8C8CF4162F0B0A6000D56A82 /* Release */,
			);
			defaultConfigurationIsVisible = 0;
			defaultConfigurationName = Release;
		};
		8C8CF4172F0B0A6000D56A82 /* Build configuration list for PBXNativeTarget "KeyCatchUITests" */ = {
			isa = XCConfigurationList;
			buildConfigurations = (
				8C8CF4182F0B0A6000D56A82 /* Debug */,
				8C8CF4192F0B0A6000D56A82 /* Release */,
			);
			defaultConfigurationIsVisible = 0;
			defaultConfigurationName = Release;
		};
/* End XCConfigurationList section */
	};
	rootObject = 8C8CF3E82F0B0A5E00D56A82 /* Project object */;
}
